
Microsoft Visual Studio Solution File, Format Version 12.00
Project("{FAE04EC0-301F-11D3-BF4B-00C04F79EFBC}") = "DressedUp.API", "DressedUp.API\DressedUp.API.csproj", "{EDF2A2FB-E567-409E-823D-DB2CFA2A4838}"
EndProject
Project("{2150E333-8FDC-42A3-9474-1A3956D46DE8}") = "src", "src", "{DAD6C394-82BF-46B9-AA8F-2C57800C6076}"
EndProject
Project("{2150E333-8FDC-42A3-9474-1A3956D46DE8}") = "tests", "tests", "{8D46DA14-3005-40F5-95B9-E63CAD4D784E}"
EndProject
Project("{FAE04EC0-301F-11D3-BF4B-00C04F79EFBC}") = "DressedUp.Application", "DressedUp.Application\DressedUp.Application.csproj", "{47E1B965-A6EE-4859-B48A-6C14B9288C08}"
EndProject
Project("{FAE04EC0-301F-11D3-BF4B-00C04F79EFBC}") = "DressedUp.Domain", "DressedUp.Domain\DressedUp.Domain.csproj", "{3BDACD50-11CA-4457-AEE8-4A8A5A3BDB33}"
EndProject
Project("{FAE04EC0-301F-11D3-BF4B-00C04F79EFBC}") = "DressedUp.Infrastructure", "DressedUp.Infrastructure\DressedUp.Infrastructure.csproj", "{C0C6E4AF-C889-4FCB-ACF0-4EBA0A03FBAC}"
EndProject
Global
	GlobalSection(SolutionConfigurationPlatforms) = preSolution
		Debug|Any CPU = Debug|Any CPU
		Release|Any CPU = Release|Any CPU
	EndGlobalSection
	GlobalSection(ProjectConfigurationPlatforms) = postSolution
		{EDF2A2FB-E567-409E-823D-DB2CFA2A4838}.Debug|Any CPU.ActiveCfg = Debug|Any CPU
		{EDF2A2FB-E567-409E-823D-DB2CFA2A4838}.Debug|Any CPU.Build.0 = Debug|Any CPU
		{EDF2A2FB-E567-409E-823D-DB2CFA2A4838}.Release|Any CPU.ActiveCfg = Release|Any CPU
		{EDF2A2FB-E567-409E-823D-DB2CFA2A4838}.Release|Any CPU.Build.0 = Release|Any CPU
		{47E1B965-A6EE-4859-B48A-6C14B9288C08}.Debug|Any CPU.ActiveCfg = Debug|Any CPU
		{47E1B965-A6EE-4859-B48A-6C14B9288C08}.Debug|Any CPU.Build.0 = Debug|Any CPU
		{47E1B965-A6EE-4859-B48A-6C14B9288C08}.Release|Any CPU.ActiveCfg = Release|Any CPU
		{47E1B965-A6EE-4859-B48A-6C14B9288C08}.Release|Any CPU.Build.0 = Release|Any CPU
		{3BDACD50-11CA-4457-AEE8-4A8A5A3BDB33}.Debug|Any CPU.ActiveCfg = Debug|Any CPU
		{3BDACD50-11CA-4457-AEE8-4A8A5A3BDB33}.Debug|Any CPU.Build.0 = Debug|Any CPU
		{3BDACD50-11CA-4457-AEE8-4A8A5A3BDB33}.Release|Any CPU.ActiveCfg = Release|Any CPU
		{3BDACD50-11CA-4457-AEE8-4A8A5A3BDB33}.Release|Any CPU.Build.0 = Release|Any CPU
		{C0C6E4AF-C889-4FCB-ACF0-4EBA0A03FBAC}.Debug|Any CPU.ActiveCfg = Debug|Any CPU
		{C0C6E4AF-C889-4FCB-ACF0-4EBA0A03FBAC}.Debug|Any CPU.Build.0 = Debug|Any CPU
		{C0C6E4AF-C889-4FCB-ACF0-4EBA0A03FBAC}.Release|Any CPU.ActiveCfg = Release|Any CPU
		{C0C6E4AF-C889-4FCB-ACF0-4EBA0A03FBAC}.Release|Any CPU.Build.0 = Release|Any CPU
	EndGlobalSection
	GlobalSection(NestedProjects) = preSolution
		{EDF2A2FB-E567-409E-823D-DB2CFA2A4838} = {DAD6C394-82BF-46B9-AA8F-2C57800C6076}
		{47E1B965-A6EE-4859-B48A-6C14B9288C08} = {DAD6C394-82BF-46B9-AA8F-2C57800C6076}
		{3BDACD50-11CA-4457-AEE8-4A8A5A3BDB33} = {DAD6C394-82BF-46B9-AA8F-2C57800C6076}
		{C0C6E4AF-C889-4FCB-ACF0-4EBA0A03FBAC} = {DAD6C394-82BF-46B9-AA8F-2C57800C6076}
	EndGlobalSection
EndGlobal
